# THIS IS AN AUTOGENERATED FILE. DO NOT EDIT THIS FILE DIRECTLY.
# yarn lockfile v1


"@types/node@^16.9.4":
  version "16.9.4"
  resolved "https://registry.yarnpkg.com/@types/node/-/node-16.9.4.tgz#a12f0ee7847cf17a97f6fdf1093cb7a9af23cca4"
  integrity sha512-KDazLNYAGIuJugdbULwFZULF9qQ13yNWEBFnfVpqlpgAAo6H/qnM9RjBgh0A0kmHf3XxAKLdN5mTIng9iUvVLA==

east-asian-width@^0.1.1:
  version "0.1.1"
  resolved "https://registry.yarnpkg.com/east-asian-width/-/east-asian-width-0.1.1.tgz#68a075c184eb7a05877a076274c956919bead944"
  integrity sha1-aKB1wYTregWHegdidMlWkZvq2UQ=
  dependencies:
    string.prototype.codepointat "^0.2.0"

string.prototype.codepointat@^0.2.0:
  version "0.2.1"
  resolved "https://registry.yarnpkg.com/string.prototype.codepointat/-/string.prototype.codepointat-0.2.1.tgz#004ad44c8afc727527b108cd462b4d971cd469bc"
  integrity sha512-2cBVCj6I4IOvEnjgO/hWqXjqBGsY+zwPmHl12Srk9IXSZ56Jwwmy+66XO5Iut/oQVR7t5ihYdLB0GMa4alEUcg==

typescript@^4.4.3:
  version "4.4.3"
  resolved "https://registry.yarnpkg.com/typescript/-/typescript-4.4.3.tgz#bdc5407caa2b109efd4f82fe130656f977a29324"
  integrity sha512-4xfscpisVgqqDfPaJo5vkd+Qd/ItkoagnHpufr+i2QCHBsNYp+G7UAoyFl8aPtx879u38wPV65rZ8qbGZijalA==
